
Microsoft Visual Studio Solution File, Format Version 12.00
# Blend for Visual Studio 15
VisualStudioVersion = 15.0.27703.2035
MinimumVisualStudioVersion = 10.0.40219.1
Project("{FAE04EC0-301F-11D3-BF4B-00C04F79EFBC}") = "Get Windows Spotlight Pictures_WPF", "Get Windows Spotlight Pictures_WPF\Get Windows Spotlight Pictures_WPF.csproj", "{2DDA0DD3-4BF3-4608-9CC8-572738804760}"
EndProject
Global
	GlobalSection(SolutionConfigurationPlatforms) = preSolution
		Debug|Any CPU = Debug|Any CPU
		Release|Any CPU = Release|Any CPU
	EndGlobalSection
	GlobalSection(ProjectConfigurationPlatforms) = postSolution
		{2DDA0DD3-4BF3-4608-9CC8-572738804760}.Debug|Any CPU.ActiveCfg = Debug|Any CPU
		{2DDA0DD3-4BF3-4608-9CC8-572738804760}.Debug|Any CPU.Build.0 = Debug|Any CPU
		{2DDA0DD3-4BF3-4608-9CC8-572738804760}.Release|Any CPU.ActiveCfg = Release|Any CPU
		{2DDA0DD3-4BF3-4608-9CC8-572738804760}.Release|Any CPU.Build.0 = Release|Any CPU
	EndGlobalSection
	GlobalSection(SolutionProperties) = preSolution
		HideSolutionNode = FALSE
	EndGlobalSection
	GlobalSection(ExtensibilityGlobals) = postSolution
		SolutionGuid = {EC3C8201-C944-4EEB-9DCB-9F0576596D3A}
	EndGlobalSection
EndGlobal
